
Microsoft Visual Studio Solution File, Format Version 12.00
# Visual Studio Version 17
VisualStudioVersion = 17.5.33516.290
MinimumVisualStudioVersion = 10.0.40219.1
Project("{9A19103F-16F7-4668-BE54-9A1E7A4F7556}") = "Beymen.ConfigurationLibrary", "Beymen.ConfigurationLibrary\Beymen.ConfigurationLibrary.csproj", "{A33439B2-45BB-4393-BA52-0ECC448F0D31}"
EndProject
Project("{FAE04EC0-301F-11D3-BF4B-00C04F79EFBC}") = "Beymen.Configuration.BackOffice", "Beymen.Configuration.BackOffice\Beymen.Configuration.BackOffice.csproj", "{ABE6BB18-361A-471C-8249-97BA54475A38}"
EndProject
Project("{FAE04EC0-301F-11D3-BF4B-00C04F79EFBC}") = "Beymen.Service-B", "Beymen.Service-B\Beymen.Service-B.csproj", "{60D433E5-736E-4008-94D5-D3E8B24EBCEE}"
EndProject
Project("{FAE04EC0-301F-11D3-BF4B-00C04F79EFBC}") = "Beymen.Service-A", "Beymen.Service-A\Beymen.Service-A.csproj", "{1E776C58-799D-40E0-A91A-003F91229F3A}"
EndProject
Project("{FAE04EC0-301F-11D3-BF4B-00C04F79EFBC}") = "ConfigurationReaderTest", "ConfigurationReaderTest\ConfigurationReaderTest.csproj", "{9F20F546-EBBA-4022-A9EB-22E34EA63785}"
EndProject
Global
	GlobalSection(SolutionConfigurationPlatforms) = preSolution
		Debug|Any CPU = Debug|Any CPU
		Release|Any CPU = Release|Any CPU
	EndGlobalSection
	GlobalSection(ProjectConfigurationPlatforms) = postSolution
		{A33439B2-45BB-4393-BA52-0ECC448F0D31}.Debug|Any CPU.ActiveCfg = Debug|Any CPU
		{A33439B2-45BB-4393-BA52-0ECC448F0D31}.Debug|Any CPU.Build.0 = Debug|Any CPU
		{A33439B2-45BB-4393-BA52-0ECC448F0D31}.Release|Any CPU.ActiveCfg = Release|Any CPU
		{A33439B2-45BB-4393-BA52-0ECC448F0D31}.Release|Any CPU.Build.0 = Release|Any CPU
		{ABE6BB18-361A-471C-8249-97BA54475A38}.Debug|Any CPU.ActiveCfg = Debug|Any CPU
		{ABE6BB18-361A-471C-8249-97BA54475A38}.Debug|Any CPU.Build.0 = Debug|Any CPU
		{ABE6BB18-361A-471C-8249-97BA54475A38}.Release|Any CPU.ActiveCfg = Release|Any CPU
		{ABE6BB18-361A-471C-8249-97BA54475A38}.Release|Any CPU.Build.0 = Release|Any CPU
		{60D433E5-736E-4008-94D5-D3E8B24EBCEE}.Debug|Any CPU.ActiveCfg = Debug|Any CPU
		{60D433E5-736E-4008-94D5-D3E8B24EBCEE}.Debug|Any CPU.Build.0 = Debug|Any CPU
		{60D433E5-736E-4008-94D5-D3E8B24EBCEE}.Release|Any CPU.ActiveCfg = Release|Any CPU
		{60D433E5-736E-4008-94D5-D3E8B24EBCEE}.Release|Any CPU.Build.0 = Release|Any CPU
		{1E776C58-799D-40E0-A91A-003F91229F3A}.Debug|Any CPU.ActiveCfg = Debug|Any CPU
		{1E776C58-799D-40E0-A91A-003F91229F3A}.Debug|Any CPU.Build.0 = Debug|Any CPU
		{1E776C58-799D-40E0-A91A-003F91229F3A}.Release|Any CPU.ActiveCfg = Release|Any CPU
		{1E776C58-799D-40E0-A91A-003F91229F3A}.Release|Any CPU.Build.0 = Release|Any CPU
		{9F20F546-EBBA-4022-A9EB-22E34EA63785}.Debug|Any CPU.ActiveCfg = Debug|Any CPU
		{9F20F546-EBBA-4022-A9EB-22E34EA63785}.Debug|Any CPU.Build.0 = Debug|Any CPU
		{9F20F546-EBBA-4022-A9EB-22E34EA63785}.Release|Any CPU.ActiveCfg = Release|Any CPU
		{9F20F546-EBBA-4022-A9EB-22E34EA63785}.Release|Any CPU.Build.0 = Release|Any CPU
	EndGlobalSection
	GlobalSection(SolutionProperties) = preSolution
		HideSolutionNode = FALSE
	EndGlobalSection
	GlobalSection(ExtensibilityGlobals) = postSolution
		SolutionGuid = {CCB8B30A-AFF8-4BAB-977F-0893E4C10B0C}
	EndGlobalSection
EndGlobal
